
Microsoft Visual Studio Solution File, Format Version 12.00
# Visual Studio Version 17
VisualStudioVersion = 17.0.32112.339
MinimumVisualStudioVersion = 10.0.40219.1
Project("{FAE04EC0-301F-11D3-BF4B-00C04F79EFBC}") = "VolumeCaixaRetangular.ConsoleApp", "VolumeCaixaRetangular.ConsoleApp\VolumeCaixaRetangular.ConsoleApp.csproj", "{2F9F9C38-3C13-4367-8767-8126919BEDDF}"
EndProject
Project("{FAE04EC0-301F-11D3-BF4B-00C04F79EFBC}") = "FahrenheitToCelcius.ConsoleApp", "FahrenheitToCelcius.ConsoleApp\FahrenheitToCelcius.ConsoleApp.csproj", "{28278351-B56E-4D0C-986E-6189561B3FE6}"
EndProject
Project("{FAE04EC0-301F-11D3-BF4B-00C04F79EFBC}") = "VolumeCilindro.ConsoleApp", "VolumeCilindro.ConsoleApp\VolumeCilindro.ConsoleApp.csproj", "{8F38D12C-DDD7-413A-B86E-B6265E7D6993}"
EndProject
Project("{FAE04EC0-301F-11D3-BF4B-00C04F79EFBC}") = "ConsumoCombustivel.ConsoleApp", "ConsumoCombustivel.ConsoleApp\ConsumoCombustivel.ConsoleApp.csproj", "{C5247850-7C02-4706-927D-3870C00A81FF}"
EndProject
Project("{FAE04EC0-301F-11D3-BF4B-00C04F79EFBC}") = "VolumeEsfera.ConsoleApp", "VolumeEsfera.ConsoleApp\VolumeEsfera.ConsoleApp.csproj", "{90DC020F-11D3-4EB3-ADC4-A6EB4B04BE16}"
EndProject
Project("{FAE04EC0-301F-11D3-BF4B-00C04F79EFBC}") = "CelciusToFahrenheit.ConsoleApp", "CelciusToFahrenheit.ConsoleApp\CelciusToFahrenheit.ConsoleApp.csproj", "{9418BB5C-AF9F-4022-A168-4F5AAF74FD76}"
EndProject
Project("{FAE04EC0-301F-11D3-BF4B-00C04F79EFBC}") = "ComissaoVendedor.ConsoleApp", "ComissaoVendedor.ConsoleApp\ComissaoVendedor.ConsoleApp.csproj", "{4AECBAB9-20E6-4380-B1F7-A7390AB6D60B}"
EndProject
Project("{FAE04EC0-301F-11D3-BF4B-00C04F79EFBC}") = "VolumeLata.ConsoleApp", "VolumeLata.ConsoleApp\VolumeLata.ConsoleApp.csproj", "{1AE71C4D-5C16-46A3-908B-F7C891F6BFF6}"
EndProject
Project("{FAE04EC0-301F-11D3-BF4B-00C04F79EFBC}") = "MediaHarmonicaNotas.ConsoleApp", "MediaHarmonicaNotas.ConsoleApp\MediaHarmonicaNotas.ConsoleApp.csproj", "{7C9B08C0-2C1B-47E6-9BC7-A23E920A7F73}"
EndProject
Global
	GlobalSection(SolutionConfigurationPlatforms) = preSolution
		Debug|Any CPU = Debug|Any CPU
		Release|Any CPU = Release|Any CPU
	EndGlobalSection
	GlobalSection(ProjectConfigurationPlatforms) = postSolution
		{2F9F9C38-3C13-4367-8767-8126919BEDDF}.Debug|Any CPU.ActiveCfg = Debug|Any CPU
		{2F9F9C38-3C13-4367-8767-8126919BEDDF}.Debug|Any CPU.Build.0 = Debug|Any CPU
		{2F9F9C38-3C13-4367-8767-8126919BEDDF}.Release|Any CPU.ActiveCfg = Release|Any CPU
		{2F9F9C38-3C13-4367-8767-8126919BEDDF}.Release|Any CPU.Build.0 = Release|Any CPU
		{28278351-B56E-4D0C-986E-6189561B3FE6}.Debug|Any CPU.ActiveCfg = Debug|Any CPU
		{28278351-B56E-4D0C-986E-6189561B3FE6}.Debug|Any CPU.Build.0 = Debug|Any CPU
		{28278351-B56E-4D0C-986E-6189561B3FE6}.Release|Any CPU.ActiveCfg = Release|Any CPU
		{28278351-B56E-4D0C-986E-6189561B3FE6}.Release|Any CPU.Build.0 = Release|Any CPU
		{8F38D12C-DDD7-413A-B86E-B6265E7D6993}.Debug|Any CPU.ActiveCfg = Debug|Any CPU
		{8F38D12C-DDD7-413A-B86E-B6265E7D6993}.Debug|Any CPU.Build.0 = Debug|Any CPU
		{8F38D12C-DDD7-413A-B86E-B6265E7D6993}.Release|Any CPU.ActiveCfg = Release|Any CPU
		{8F38D12C-DDD7-413A-B86E-B6265E7D6993}.Release|Any CPU.Build.0 = Release|Any CPU
		{C5247850-7C02-4706-927D-3870C00A81FF}.Debug|Any CPU.ActiveCfg = Debug|Any CPU
		{C5247850-7C02-4706-927D-3870C00A81FF}.Debug|Any CPU.Build.0 = Debug|Any CPU
		{C5247850-7C02-4706-927D-3870C00A81FF}.Release|Any CPU.ActiveCfg = Release|Any CPU
		{C5247850-7C02-4706-927D-3870C00A81FF}.Release|Any CPU.Build.0 = Release|Any CPU
		{90DC020F-11D3-4EB3-ADC4-A6EB4B04BE16}.Debug|Any CPU.ActiveCfg = Debug|Any CPU
		{90DC020F-11D3-4EB3-ADC4-A6EB4B04BE16}.Debug|Any CPU.Build.0 = Debug|Any CPU
		{90DC020F-11D3-4EB3-ADC4-A6EB4B04BE16}.Release|Any CPU.ActiveCfg = Release|Any CPU
		{90DC020F-11D3-4EB3-ADC4-A6EB4B04BE16}.Release|Any CPU.Build.0 = Release|Any CPU
		{9418BB5C-AF9F-4022-A168-4F5AAF74FD76}.Debug|Any CPU.ActiveCfg = Debug|Any CPU
		{9418BB5C-AF9F-4022-A168-4F5AAF74FD76}.Debug|Any CPU.Build.0 = Debug|Any CPU
		{9418BB5C-AF9F-4022-A168-4F5AAF74FD76}.Release|Any CPU.ActiveCfg = Release|Any CPU
		{9418BB5C-AF9F-4022-A168-4F5AAF74FD76}.Release|Any CPU.Build.0 = Release|Any CPU
		{4AECBAB9-20E6-4380-B1F7-A7390AB6D60B}.Debug|Any CPU.ActiveCfg = Debug|Any CPU
		{4AECBAB9-20E6-4380-B1F7-A7390AB6D60B}.Debug|Any CPU.Build.0 = Debug|Any CPU
		{4AECBAB9-20E6-4380-B1F7-A7390AB6D60B}.Release|Any CPU.ActiveCfg = Release|Any CPU
		{4AECBAB9-20E6-4380-B1F7-A7390AB6D60B}.Release|Any CPU.Build.0 = Release|Any CPU
		{1AE71C4D-5C16-46A3-908B-F7C891F6BFF6}.Debug|Any CPU.ActiveCfg = Debug|Any CPU
		{1AE71C4D-5C16-46A3-908B-F7C891F6BFF6}.Debug|Any CPU.Build.0 = Debug|Any CPU
		{1AE71C4D-5C16-46A3-908B-F7C891F6BFF6}.Release|Any CPU.ActiveCfg = Release|Any CPU
		{1AE71C4D-5C16-46A3-908B-F7C891F6BFF6}.Release|Any CPU.Build.0 = Release|Any CPU
		{7C9B08C0-2C1B-47E6-9BC7-A23E920A7F73}.Debug|Any CPU.ActiveCfg = Debug|Any CPU
		{7C9B08C0-2C1B-47E6-9BC7-A23E920A7F73}.Debug|Any CPU.Build.0 = Debug|Any CPU
		{7C9B08C0-2C1B-47E6-9BC7-A23E920A7F73}.Release|Any CPU.ActiveCfg = Release|Any CPU
		{7C9B08C0-2C1B-47E6-9BC7-A23E920A7F73}.Release|Any CPU.Build.0 = Release|Any CPU
	EndGlobalSection
	GlobalSection(SolutionProperties) = preSolution
		HideSolutionNode = FALSE
	EndGlobalSection
	GlobalSection(ExtensibilityGlobals) = postSolution
		SolutionGuid = {0C5A9096-E2E8-4A24-828F-1CDE506C2A31}
	EndGlobalSection
EndGlobal
